
Microsoft Visual Studio Solution File, Format Version 12.00
# Visual Studio 15
VisualStudioVersion = 15.0.28307.489
MinimumVisualStudioVersion = 10.0.40219.1
Project("{FAE04EC0-301F-11D3-BF4B-00C04F79EFBC}") = "ExpandableList.Android", "ExpandableList\ExpandableList.Android\ExpandableList.Android.csproj", "{2B348AED-207B-4C54-B6EB-89FA75DD32F8}"
EndProject
Project("{FAE04EC0-301F-11D3-BF4B-00C04F79EFBC}") = "ExpandableList", "ExpandableList\ExpandableList\ExpandableList.csproj", "{DD42042B-2211-4D74-B14D-098B12E33EF5}"
EndProject
Global
	GlobalSection(SolutionConfigurationPlatforms) = preSolution
		Debug|Any CPU = Debug|Any CPU
		Release|Any CPU = Release|Any CPU
	EndGlobalSection
	GlobalSection(ProjectConfigurationPlatforms) = postSolution
		{2B348AED-207B-4C54-B6EB-89FA75DD32F8}.Debug|Any CPU.ActiveCfg = Debug|Any CPU
		{2B348AED-207B-4C54-B6EB-89FA75DD32F8}.Debug|Any CPU.Build.0 = Debug|Any CPU
		{2B348AED-207B-4C54-B6EB-89FA75DD32F8}.Debug|Any CPU.Deploy.0 = Debug|Any CPU
		{2B348AED-207B-4C54-B6EB-89FA75DD32F8}.Release|Any CPU.ActiveCfg = Release|Any CPU
		{2B348AED-207B-4C54-B6EB-89FA75DD32F8}.Release|Any CPU.Build.0 = Release|Any CPU
		{2B348AED-207B-4C54-B6EB-89FA75DD32F8}.Release|Any CPU.Deploy.0 = Release|Any CPU
		{DD42042B-2211-4D74-B14D-098B12E33EF5}.Debug|Any CPU.ActiveCfg = Debug|Any CPU
		{DD42042B-2211-4D74-B14D-098B12E33EF5}.Debug|Any CPU.Build.0 = Debug|Any CPU
		{DD42042B-2211-4D74-B14D-098B12E33EF5}.Debug|Any CPU.Deploy.0 = Debug|Any CPU
		{DD42042B-2211-4D74-B14D-098B12E33EF5}.Release|Any CPU.ActiveCfg = Release|Any CPU
		{DD42042B-2211-4D74-B14D-098B12E33EF5}.Release|Any CPU.Build.0 = Release|Any CPU
		{DD42042B-2211-4D74-B14D-098B12E33EF5}.Release|Any CPU.Deploy.0 = Release|Any CPU
	EndGlobalSection
	GlobalSection(SolutionProperties) = preSolution
		HideSolutionNode = FALSE
	EndGlobalSection
	GlobalSection(ExtensibilityGlobals) = postSolution
		SolutionGuid = {CE555249-E4AF-4274-96D1-FFEA5E258935}
	EndGlobalSection
EndGlobal
